
Microsoft Visual Studio Solution File, Format Version 12.00
# Visual Studio Version 17
VisualStudioVersion = 17.9.34723.18
MinimumVisualStudioVersion = 10.0.40219.1
Project("{FAE04EC0-301F-11D3-BF4B-00C04F79EFBC}") = "RestaurantMenu", "RestaurantMenu\RestaurantMenu.csproj", "{95355CA5-52DE-41D1-B635-5BCF28E7455C}"
EndProject
Global
	GlobalSection(SolutionConfigurationPlatforms) = preSolution
		Debug|Any CPU = Debug|Any CPU
		Release|Any CPU = Release|Any CPU
	EndGlobalSection
	GlobalSection(ProjectConfigurationPlatforms) = postSolution
		{95355CA5-52DE-41D1-B635-5BCF28E7455C}.Debug|Any CPU.ActiveCfg = Debug|Any CPU
		{95355CA5-52DE-41D1-B635-5BCF28E7455C}.Debug|Any CPU.Build.0 = Debug|Any CPU
		{95355CA5-52DE-41D1-B635-5BCF28E7455C}.Release|Any CPU.ActiveCfg = Release|Any CPU
		{95355CA5-52DE-41D1-B635-5BCF28E7455C}.Release|Any CPU.Build.0 = Release|Any CPU
	EndGlobalSection
	GlobalSection(SolutionProperties) = preSolution
		HideSolutionNode = FALSE
	EndGlobalSection
	GlobalSection(ExtensibilityGlobals) = postSolution
		SolutionGuid = {A43CBB85-D654-4115-8067-B9D1A1ADA62B}
	EndGlobalSection
EndGlobal
